
Microsoft Visual Studio Solution File, Format Version 12.00
# Visual Studio Version 17
VisualStudioVersion = 17.0.32126.317
MinimumVisualStudioVersion = 10.0.40219.1
Project("{FAE04EC0-301F-11D3-BF4B-00C04F79EFBC}") = "KingdeeWebAPI", "KingdeeWebAPI.csproj", "{6A02F1F1-B790-4D39-B798-A4CF2743C2EC}"
EndProject
Global
	GlobalSection(SolutionConfigurationPlatforms) = preSolution
		Debug|Any CPU = Debug|Any CPU
		Release|Any CPU = Release|Any CPU
	EndGlobalSection
	GlobalSection(ProjectConfigurationPlatforms) = postSolution
		{6A02F1F1-B790-4D39-B798-A4CF2743C2EC}.Debug|Any CPU.ActiveCfg = Debug|Any CPU
		{6A02F1F1-B790-4D39-B798-A4CF2743C2EC}.Debug|Any CPU.Build.0 = Debug|Any CPU
		{6A02F1F1-B790-4D39-B798-A4CF2743C2EC}.Release|Any CPU.ActiveCfg = Release|Any CPU
		{6A02F1F1-B790-4D39-B798-A4CF2743C2EC}.Release|Any CPU.Build.0 = Release|Any CPU
	EndGlobalSection
	GlobalSection(SolutionProperties) = preSolution
		HideSolutionNode = FALSE
	EndGlobalSection
	GlobalSection(ExtensibilityGlobals) = postSolution
		SolutionGuid = {5FFCD99F-3B4D-4F31-BFFE-5B9353194F12}
	EndGlobalSection
EndGlobal
